{
    "_meta": {
        "hash": {
            "sha256": "f226f2c246fa4694a5658fd6793e384e9b5ea4b2502a4da2f7d0a795e3efb63f"
        },
        "pipfile-spec": 6,
        "requires": {},
        "sources": [
            {
                "name": "pypi",
                "url": "https://pypi.org/simple",
                "verify_ssl": true
            }
        ]
    },
    "default": {},
    "develop": {}
}
